github.com/AgoraIO/Tools/DynamicKey/AgoraDynamicKey/go/src v0.0.0-20220419083531-2ab3752b08de h1:+DXUfiMkmcHIGr3+Wvj8IgZZT7XICj4TxGqwcruPcJw=
github.com/AgoraIO/Tools/DynamicKey/AgoraDynamicKey/go/src v0.0.0-20220419083531-2ab3752b08de/go.mod h1:4bXIK0ntDk9CqAXobmomWd7dedbfNv/aaIpmpqqzt+A=
github.com/gorilla/websocket v1.5.0 h1:PPwGk2jz7EePpoHN/+ClbZu8SPxiqlu12wZP/3sWmnc=
github.com/gorilla/websocket v1.5.0/go.mod h1:YR8l580nyteQvAITg2hZ9XVh4b55+EU/adAjf1fMHhE=
